
Microsoft Visual Studio Solution File, Format Version 12.00
# Visual Studio Version 16
VisualStudioVersion = 16.0.31129.286
MinimumVisualStudioVersion = 10.0.40219.1
Project("{FAE04EC0-301F-11D3-BF4B-00C04F79EFBC}") = "Anti_-Bot", "Anti_-Bot\Anti_-Bot.csproj", "{2031CBCE-7ED2-473F-9341-06AB211F387A}"
EndProject
Project("{9A19103F-16F7-4668-BE54-9A1E7A4F7556}") = "GURPSLib", "..\Libraries\GURPSLib\GURPSLib.csproj", "{07E49504-6AEF-46BC-A452-C162078353ED}"
EndProject
Global
	GlobalSection(SolutionConfigurationPlatforms) = preSolution
		Debug|Any CPU = Debug|Any CPU
		Release|Any CPU = Release|Any CPU
	EndGlobalSection
	GlobalSection(ProjectConfigurationPlatforms) = postSolution
		{2031CBCE-7ED2-473F-9341-06AB211F387A}.Debug|Any CPU.ActiveCfg = Debug|Any CPU
		{2031CBCE-7ED2-473F-9341-06AB211F387A}.Debug|Any CPU.Build.0 = Debug|Any CPU
		{2031CBCE-7ED2-473F-9341-06AB211F387A}.Release|Any CPU.ActiveCfg = Release|Any CPU
		{2031CBCE-7ED2-473F-9341-06AB211F387A}.Release|Any CPU.Build.0 = Release|Any CPU
		{07E49504-6AEF-46BC-A452-C162078353ED}.Debug|Any CPU.ActiveCfg = Debug|Any CPU
		{07E49504-6AEF-46BC-A452-C162078353ED}.Debug|Any CPU.Build.0 = Debug|Any CPU
		{07E49504-6AEF-46BC-A452-C162078353ED}.Release|Any CPU.ActiveCfg = Release|Any CPU
		{07E49504-6AEF-46BC-A452-C162078353ED}.Release|Any CPU.Build.0 = Release|Any CPU
	EndGlobalSection
	GlobalSection(SolutionProperties) = preSolution
		HideSolutionNode = FALSE
	EndGlobalSection
	GlobalSection(ExtensibilityGlobals) = postSolution
		SolutionGuid = {24B74C6E-4F83-4624-B4A6-51717677583B}
	EndGlobalSection
EndGlobal
